
Microsoft Visual Studio Solution File, Format Version 12.00
# Visual Studio Version 16
VisualStudioVersion = 16.0.32413.511
MinimumVisualStudioVersion = 10.0.40219.1
Project("{9A19103F-16F7-4668-BE54-9A1E7A4F7556}") = "Reto website", "TestApp\Reto website.csproj", "{DF9198BC-D54A-41E4-A07B-CDDB91EEB534}"
EndProject
Global
	GlobalSection(SolutionConfigurationPlatforms) = preSolution
		Debug|Any CPU = Debug|Any CPU
		Release|Any CPU = Release|Any CPU
	EndGlobalSection
	GlobalSection(ProjectConfigurationPlatforms) = postSolution
		{DF9198BC-D54A-41E4-A07B-CDDB91EEB534}.Debug|Any CPU.ActiveCfg = Debug|Any CPU
		{DF9198BC-D54A-41E4-A07B-CDDB91EEB534}.Debug|Any CPU.Build.0 = Debug|Any CPU
		{DF9198BC-D54A-41E4-A07B-CDDB91EEB534}.Release|Any CPU.ActiveCfg = Release|Any CPU
		{DF9198BC-D54A-41E4-A07B-CDDB91EEB534}.Release|Any CPU.Build.0 = Release|Any CPU
	EndGlobalSection
	GlobalSection(SolutionProperties) = preSolution
		HideSolutionNode = FALSE
	EndGlobalSection
	GlobalSection(ExtensibilityGlobals) = postSolution
		SolutionGuid = {19EC9301-9400-4B08-A2F5-9B7010F34D7E}
	EndGlobalSection
EndGlobal
